
Microsoft Visual Studio Solution File, Format Version 12.00
# Visual Studio 14
VisualStudioVersion = 14.0.25420.1
MinimumVisualStudioVersion = 10.0.40219.1
Project("{FAE04EC0-301F-11D3-BF4B-00C04F79EFBC}") = "AutoSitecore", "AutoSitecore\AutoSitecore.csproj", "{60055FCF-BEAF-4EB5-B1D0-1D276050F8C6}"
EndProject
Project("{FAE04EC0-301F-11D3-BF4B-00C04F79EFBC}") = "AutoSitecoreUnitTest", "AutoSitecoreUnitTest\AutoSitecoreUnitTest.csproj", "{93381C05-606E-428C-AE29-20A982BD485D}"
EndProject
Project("{2150E333-8FDC-42A3-9474-1A3956D46DE8}") = "SolutionItems", "SolutionItems", "{D59CC092-8E99-4F94-81E5-7553C6F033D9}"
	ProjectSection(SolutionItems) = preProject
		.editorconfig = .editorconfig
		..\.gitignore = ..\.gitignore
		..\LICENSE = ..\LICENSE
		..\README.md = ..\README.md
	EndProjectSection
EndProject
Global
	GlobalSection(SolutionConfigurationPlatforms) = preSolution
		Debug|Any CPU = Debug|Any CPU
		Release|Any CPU = Release|Any CPU
	EndGlobalSection
	GlobalSection(ProjectConfigurationPlatforms) = postSolution
		{60055FCF-BEAF-4EB5-B1D0-1D276050F8C6}.Debug|Any CPU.ActiveCfg = Debug|Any CPU
		{60055FCF-BEAF-4EB5-B1D0-1D276050F8C6}.Debug|Any CPU.Build.0 = Debug|Any CPU
		{60055FCF-BEAF-4EB5-B1D0-1D276050F8C6}.Release|Any CPU.ActiveCfg = Release|Any CPU
		{60055FCF-BEAF-4EB5-B1D0-1D276050F8C6}.Release|Any CPU.Build.0 = Release|Any CPU
		{93381C05-606E-428C-AE29-20A982BD485D}.Debug|Any CPU.ActiveCfg = Debug|Any CPU
		{93381C05-606E-428C-AE29-20A982BD485D}.Debug|Any CPU.Build.0 = Debug|Any CPU
		{93381C05-606E-428C-AE29-20A982BD485D}.Release|Any CPU.ActiveCfg = Release|Any CPU
		{93381C05-606E-428C-AE29-20A982BD485D}.Release|Any CPU.Build.0 = Release|Any CPU
	EndGlobalSection
	GlobalSection(SolutionProperties) = preSolution
		HideSolutionNode = FALSE
	EndGlobalSection
EndGlobal
